
Microsoft Visual Studio Solution File, Format Version 12.00
# Visual Studio Version 17
VisualStudioVersion = 17.5.33414.496
MinimumVisualStudioVersion = 10.0.40219.1
Project("{FAE04EC0-301F-11D3-BF4B-00C04F79EFBC}") = "tpmodul7_kelompok_03", "tpmodul7_kelompok_03\tpmodul7_kelompok_03.csproj", "{1D88FD18-4679-4534-9D18-2BF0316AB722}"
EndProject
Global
	GlobalSection(SolutionConfigurationPlatforms) = preSolution
		Debug|Any CPU = Debug|Any CPU
		Release|Any CPU = Release|Any CPU
	EndGlobalSection
	GlobalSection(ProjectConfigurationPlatforms) = postSolution
		{1D88FD18-4679-4534-9D18-2BF0316AB722}.Debug|Any CPU.ActiveCfg = Debug|Any CPU
		{1D88FD18-4679-4534-9D18-2BF0316AB722}.Debug|Any CPU.Build.0 = Debug|Any CPU
		{1D88FD18-4679-4534-9D18-2BF0316AB722}.Release|Any CPU.ActiveCfg = Release|Any CPU
		{1D88FD18-4679-4534-9D18-2BF0316AB722}.Release|Any CPU.Build.0 = Release|Any CPU
	EndGlobalSection
	GlobalSection(SolutionProperties) = preSolution
		HideSolutionNode = FALSE
	EndGlobalSection
	GlobalSection(ExtensibilityGlobals) = postSolution
		SolutionGuid = {6F2F5765-20E9-4B45-AD9B-E498DA373302}
	EndGlobalSection
EndGlobal
